cli/go/USAGE.md -> cli/go/jq/st-history.jq sig:dad793009f9b3813
cli/go/USAGE.md -> cli/go/jq/test-st-history.sh sig:bfe46e913bac3613
docs/CUDA_VERIFICATION.md -> Dockerfile.test sig:2671a7caac12921c
docs/PRIVILEGED_MODE.md -> Dockerfile.test sig:2671a7caac12921c
docs/TESTING_IN_DOCKER.md -> Dockerfile.test sig:2671a7caac12921c
docs/TESTING_IN_DOCKER.md -> Makefile sig:81a39c76dc904ef6
docs/TESTING_IN_DOCKER.md -> Makefile.test sig:8a91483b36a4777b
docs/TESTING_IN_DOCKER.md -> conf/modes-test.yml sig:5e8a782a2194a72f
docs/TESTING_IN_DOCKER.md -> docker-compose.test.yml sig:ff02ccbcf1ad7e20
docs/WORKER_SELECTION.md -> backends/platforms/cuda.py sig:18d3037df08a37dc
docs/WORKER_SELECTION.md -> backends/worker_factory.py sig:db90031007f4917c
docs/superpowers/plans/2026-04-11-gallery-advisor.md -> backends/chat_client.py sig:fa99d66f0d8725ea
docs/superpowers/plans/2026-04-11-gallery-advisor.md -> lcm-sr-ui/src/components/options/AdvisorPanel.jsx sig:1f2760883985be21
docs/superpowers/plans/2026-04-11-gallery-advisor.md -> lcm-sr-ui/src/components/options/OptionsPanel.jsx sig:321b8758ad7c8561
docs/superpowers/plans/2026-04-11-gallery-advisor.md -> lcm-sr-ui/src/hooks/useAdvisorState.js sig:eaa645f0220de1d7
docs/superpowers/plans/2026-04-11-gallery-advisor.md -> lcm-sr-ui/src/hooks/useAdvisorState.test.jsx sig:d15050ec7ec544c7
docs/superpowers/plans/2026-04-11-gallery-advisor.md -> lcm-sr-ui/src/hooks/useGalleries.js sig:2b3abee494bc564c
docs/superpowers/plans/2026-04-11-gallery-advisor.md -> lcm-sr-ui/src/hooks/useGalleryAdvisor.js sig:35320eb672b8a6a7
docs/superpowers/plans/2026-04-11-gallery-advisor.md -> lcm-sr-ui/src/hooks/useGalleryAdvisor.test.jsx sig:f2bb758ca53e8f09
docs/superpowers/plans/2026-04-11-gallery-advisor.md -> lcm-sr-ui/src/utils/advisorEvidence.js sig:76799f8c6bc6ecc8
docs/superpowers/plans/2026-04-11-gallery-advisor.md -> lcm-sr-ui/src/utils/advisorEvidence.test.mjs sig:2d38aff9ea412869
docs/superpowers/plans/2026-04-11-gallery-advisor.md -> server/lcm_sr_server.py sig:07519c23edd7abd4
docs/superpowers/plans/2026-04-11-gallery-advisor.md -> server/mode_config.py sig:884f1ee959bcb41b
docs/superpowers/plans/2026-04-11-gallery-advisor.md -> server/model_routes.py sig:eaf3547f628d4e19
docs/superpowers/plans/2026-04-11-gallery-advisor.md -> server/ws_routes.py sig:e2ad1f72894d3e7b
docs/superpowers/plans/2026-04-13-explicit-backend-provider.md -> backends/model_registry.py sig:abdf4aca5c9a25b8
docs/superpowers/plans/2026-04-13-explicit-backend-provider.md -> backends/worker_pool.py sig:7d4c8873a194be9f
docs/superpowers/plans/2026-04-13-explicit-backend-provider.md -> docs/superpowers/specs/2026-04-13-explicit-backend-provider-design.md sig:a11bbce0858c92a8
docs/superpowers/plans/2026-04-13-explicit-backend-provider.md -> server/lcm_sr_server.py sig:07519c23edd7abd4
docs/superpowers/plans/2026-04-13-explicit-backend-provider.md -> server/superres_service.py sig:004663565e4c9756
docs/superpowers/plans/2026-04-16-chat-connection-decoupling.md -> server/advisor_service.py sig:500553cfaa2bb61c
docs/superpowers/plans/2026-04-16-chat-connection-decoupling.md -> server/mode_config.py sig:884f1ee959bcb41b
docs/superpowers/plans/2026-04-16-chat-connection-decoupling.md -> server/ws_routes.py sig:e2ad1f72894d3e7b
docs/superpowers/plans/2026-07-10-pluggable-prompt-conditioning.md -> Dockerfile sig:b497fc64c7ac720d
docs/superpowers/plans/2026-07-10-pluggable-prompt-conditioning.md -> Dockerfile.test sig:cf203c2861f04292
docs/superpowers/plans/2026-07-10-pluggable-prompt-conditioning.md -> backends/base.py sig:ee56f937c3c478c6
docs/superpowers/plans/2026-07-10-pluggable-prompt-conditioning.md -> backends/cuda_worker.py sig:20a23d2c7eb6a4a9
docs/superpowers/plans/2026-07-10-pluggable-prompt-conditioning.md -> backends/worker_pool.py sig:1adf90191849dc08
docs/superpowers/plans/2026-07-10-pluggable-prompt-conditioning.md -> docs/superpowers/specs/2026-07-09-long-prompt-compel-design.md sig:56658d40d95426f2
docs/superpowers/plans/2026-07-10-pluggable-prompt-conditioning.md -> requirements-test.txt sig:58601e37ede01cd6
docs/superpowers/plans/2026-07-10-pluggable-prompt-conditioning.md -> requirements.txt sig:a80952a61dcdfb28
docs/superpowers/plans/2026-07-10-pluggable-prompt-conditioning.md -> server/mode_config.py sig:884f1ee959bcb41b
docs/superpowers/plans/2026-07-17-hunyuandit-family-profile.md -> docs/superpowers/specs/2026-07-16-hunyuandit-family-profile-design.md sig:cfc576bb658bd13b
docs/superpowers/specs/2026-04-07-chat-completions-backend-design.md -> server/ws_routes.py sig:e2ad1f72894d3e7b
docs/superpowers/specs/2026-04-13-explicit-backend-provider-design.md -> backends/model_registry.py sig:abdf4aca5c9a25b8
docs/superpowers/specs/2026-04-13-explicit-backend-provider-design.md -> backends/worker_factory.py sig:db90031007f4917c
docs/superpowers/specs/2026-04-13-explicit-backend-provider-design.md -> server/superres_service.py sig:004663565e4c9756
docs/superpowers/specs/2026-04-16-chat-connection-decoupling-design.md -> conf/modes.yml sig:ed122bcc685865ef
docs/superpowers/specs/2026-04-16-chat-connection-decoupling-design.md -> server/advisor_service.py sig:500553cfaa2bb61c
docs/superpowers/specs/2026-04-16-chat-connection-decoupling-design.md -> server/mode_config.py sig:884f1ee959bcb41b
docs/superpowers/specs/2026-04-16-chat-connection-decoupling-design.md -> server/ws_routes.py sig:e2ad1f72894d3e7b
docs/superpowers/specs/2026-04-16-dream-protocol-design.md -> yume_lab/server/ws_routes.py sig:59cceadfffb6cefc
docs/superpowers/specs/2026-04-16-dream-protocol-design.md -> yume_lab/yume/dream_worker.py sig:74951856580f16bc
docs/superpowers/specs/2026-04-18-controlnet-design.md -> backends/cuda_worker.py sig:6d6f497d2bbe2b99
docs/superpowers/specs/2026-04-18-controlnet-design.md -> server/lcm_sr_server.py sig:5480fb383bb72cc3
docs/superpowers/specs/2026-04-18-controlnet-design.md -> server/model_routes.py sig:ce2a33555ac49209
docs/superpowers/specs/2026-04-18-controlnet-design.md -> server/upload_routes.py sig:7ceb203839ca71f8
docs/superpowers/specs/2026-04-18-vision-chat-design.md -> backends/chat_client.py#ChatCompletionsClient sig:2ca36e410b8bbad9
docs/superpowers/specs/2026-04-18-vision-chat-design.md -> lcm-sr-ui/src/components/chat/MessageComposer.jsx sig:4fe444f9d067469e
docs/superpowers/specs/2026-04-18-vision-chat-design.md -> server/mode_config.py#ChatDelegateConfig sig:c6f0b42056d1ff7f
docs/superpowers/specs/2026-04-18-vision-chat-design.md -> server/ws_routes.py#_build_chat_messages sig:bbbfbc7422f5f3ef
docs/superpowers/specs/2026-04-18-vision-chat-design.md -> server/ws_routes.py#_resolve_chat_config sig:0c4b52fbde3479c9
docs/superpowers/specs/2026-04-18-vision-chat-design.md -> server/ws_routes.py#_run_chat sig:44540cfdc2703728
docs/superpowers/specs/2026-04-19-openwebui-prompt-memory-integration-design.md -> backends/chat_client.py sig:fa99d66f0d8725ea
docs/superpowers/specs/2026-04-19-openwebui-prompt-memory-integration-design.md -> lcm-sr-ui/src/hooks/useGalleryAdvisor.js sig:35320eb672b8a6a7
docs/superpowers/specs/2026-04-19-openwebui-prompt-memory-integration-design.md -> server/advisor_service.py sig:500553cfaa2bb61c
docs/superpowers/specs/2026-07-09-long-prompt-compel-design.md -> Dockerfile sig:ed6c832394651a45
docs/superpowers/specs/2026-07-09-long-prompt-compel-design.md -> Dockerfile.test sig:2671a7caac12921c
docs/superpowers/specs/2026-07-09-long-prompt-compel-design.md -> backends/base.py sig:98c6bc7634d9a617
docs/superpowers/specs/2026-07-09-long-prompt-compel-design.md -> backends/conditioning/__init__.py sig:caaf823743b1dccc
docs/superpowers/specs/2026-07-09-long-prompt-compel-design.md -> backends/conditioning/artifacts.py sig:f517b8b032db0545
docs/superpowers/specs/2026-07-09-long-prompt-compel-design.md -> backends/conditioning/compel_service.py sig:66ae4a3e9b2d84d3
docs/superpowers/specs/2026-07-09-long-prompt-compel-design.md -> backends/conditioning/contracts.py sig:18c8853d559e823f
docs/superpowers/specs/2026-07-09-long-prompt-compel-design.md -> backends/conditioning/invocation.py sig:a4fa9b843266ecf1
docs/superpowers/specs/2026-07-09-long-prompt-compel-design.md -> backends/conditioning/native.py sig:109eecdc334ced8b
docs/superpowers/specs/2026-07-09-long-prompt-compel-design.md -> backends/conditioning/registry.py sig:448245685ce46c5c
docs/superpowers/specs/2026-07-09-long-prompt-compel-design.md -> backends/cuda_worker.py sig:279bdbd0e4239178
docs/superpowers/specs/2026-07-09-long-prompt-compel-design.md -> backends/worker_pool.py sig:5eed2ae0ecc90391
docs/superpowers/specs/2026-07-09-long-prompt-compel-design.md -> requirements.txt sig:979a885e577cd41b
docs/superpowers/specs/2026-07-09-long-prompt-compel-design.md -> scripts/st-dtype-live-verify.sh sig:651c210852625d71
docs/superpowers/specs/2026-07-09-long-prompt-compel-design.md -> server/mode_config.py sig:c48816472ffe89b8
docs/superpowers/specs/2026-07-16-hunyuandit-family-profile-design.md -> backends/conditioning/artifacts.py sig:f517b8b032db0545
docs/superpowers/specs/2026-07-16-hunyuandit-family-profile-design.md -> backends/conditioning/contracts.py sig:18c8853d559e823f
docs/superpowers/specs/2026-07-16-hunyuandit-family-profile-design.md -> backends/cuda_worker.py sig:279bdbd0e4239178
docs/superpowers/specs/2026-07-16-hunyuandit-family-profile-design.md -> backends/platforms/base.py sig:adbd6e945a905e61
docs/superpowers/specs/2026-07-16-hunyuandit-family-profile-design.md -> backends/platforms/cuda.py sig:18d3037df08a37dc
docs/superpowers/specs/2026-07-16-hunyuandit-family-profile-design.md -> backends/worker_factory.py sig:71f60c04fdf60e0c
docs/superpowers/specs/2026-07-16-hunyuandit-family-profile-design.md -> backends/worker_pool.py sig:5eed2ae0ecc90391
docs/superpowers/specs/2026-07-16-hunyuandit-family-profile-design.md -> conf/controlnets.yaml sig:d828a0dd152a71e3
docs/superpowers/specs/2026-07-16-hunyuandit-family-profile-design.md -> conf/modes.yml sig:a3451d2883741bb5
docs/superpowers/specs/2026-07-16-hunyuandit-family-profile-design.md -> docker-compose.test.yml sig:ff02ccbcf1ad7e20
docs/superpowers/specs/2026-07-16-hunyuandit-family-profile-design.md -> requirements.txt sig:979a885e577cd41b
docs/superpowers/specs/2026-07-16-hunyuandit-family-profile-design.md -> server/controlnet_execution.py sig:1816a2c5ea8dcd2e
docs/superpowers/specs/2026-07-16-hunyuandit-family-profile-design.md -> server/controlnet_registry.py sig:f48b60f37558ab58
docs/superpowers/specs/2026-07-16-hunyuandit-family-profile-design.md -> server/lcm_sr_server.py sig:aafc9ce51c161607
docs/superpowers/specs/2026-07-16-hunyuandit-family-profile-design.md -> server/mode_config.py sig:92b4f910d75cb9c1
docs/superpowers/specs/2026-07-16-hunyuandit-family-profile-design.md -> server/ws_routes.py sig:53dd58b0a889cb0f
docs/superpowers/specs/2026-07-16-hunyuandit-family-profile-design.md -> utils/model_detector.py sig:3ac57a56a01324fa
