docs/CUDA_VERIFICATION.md -> Dockerfile.test sig:d1c6ef021e8002c8
docs/PRIVILEGED_MODE.md -> Dockerfile.test sig:d1c6ef021e8002c8
docs/TESTING_IN_DOCKER.md -> Dockerfile.test sig:d1c6ef021e8002c8
docs/TESTING_IN_DOCKER.md -> Makefile.test sig:2c6a871ed79a526e
docs/TESTING_IN_DOCKER.md -> conf/modes-test.yml sig:5e8a782a2194a72f
docs/TESTING_IN_DOCKER.md -> docker-compose.test.yml sig:255291f73993d7b2
docs/WORKER_SELECTION.md -> backends/platforms/cuda.py sig:d6d60ea267f7bed0
docs/WORKER_SELECTION.md -> backends/worker_factory.py sig:db90031007f4917c
docs/superpowers/plans/2026-04-11-gallery-advisor.md -> backends/chat_client.py sig:528d3244df84e047
docs/superpowers/plans/2026-04-11-gallery-advisor.md -> lcm-sr-ui/src/components/options/AdvisorPanel.jsx sig:266345c771ae8492
docs/superpowers/plans/2026-04-11-gallery-advisor.md -> lcm-sr-ui/src/components/options/OptionsPanel.jsx sig:d0acc88622931ddf
docs/superpowers/plans/2026-04-11-gallery-advisor.md -> lcm-sr-ui/src/hooks/useAdvisorState.js sig:eaa645f0220de1d7
docs/superpowers/plans/2026-04-11-gallery-advisor.md -> lcm-sr-ui/src/hooks/useAdvisorState.test.jsx sig:d15050ec7ec544c7
docs/superpowers/plans/2026-04-11-gallery-advisor.md -> lcm-sr-ui/src/hooks/useGalleries.js sig:cedc3dc28514085b
docs/superpowers/plans/2026-04-11-gallery-advisor.md -> lcm-sr-ui/src/hooks/useGalleryAdvisor.js sig:a1935c11ea24c5d1
docs/superpowers/plans/2026-04-11-gallery-advisor.md -> lcm-sr-ui/src/hooks/useGalleryAdvisor.test.jsx sig:656ee69a0d4486e1
docs/superpowers/plans/2026-04-11-gallery-advisor.md -> lcm-sr-ui/src/utils/advisorEvidence.js sig:76799f8c6bc6ecc8
docs/superpowers/plans/2026-04-11-gallery-advisor.md -> lcm-sr-ui/src/utils/advisorEvidence.test.mjs sig:2d38aff9ea412869
docs/superpowers/plans/2026-04-11-gallery-advisor.md -> server/lcm_sr_server.py sig:4a9c7ce754d4cb8b
docs/superpowers/plans/2026-04-11-gallery-advisor.md -> server/mode_config.py sig:82cdf5c6da856a75
docs/superpowers/plans/2026-04-11-gallery-advisor.md -> server/model_routes.py sig:062359ec7c9beb22
docs/superpowers/plans/2026-04-11-gallery-advisor.md -> server/ws_routes.py sig:6f6cbb0f4336ff4d
docs/superpowers/plans/2026-04-13-explicit-backend-provider.md -> backends/model_registry.py sig:abdf4aca5c9a25b8
docs/superpowers/plans/2026-04-13-explicit-backend-provider.md -> backends/worker_pool.py sig:6156668b55a4edd9
docs/superpowers/plans/2026-04-13-explicit-backend-provider.md -> docs/superpowers/specs/2026-04-13-explicit-backend-provider-design.md sig:a11bbce0858c92a8
docs/superpowers/plans/2026-04-13-explicit-backend-provider.md -> server/lcm_sr_server.py sig:4a9c7ce754d4cb8b
docs/superpowers/plans/2026-04-13-explicit-backend-provider.md -> server/superres_service.py sig:004663565e4c9756
docs/superpowers/specs/2026-04-13-explicit-backend-provider-design.md -> backends/model_registry.py sig:abdf4aca5c9a25b8
docs/superpowers/specs/2026-04-13-explicit-backend-provider-design.md -> backends/worker_factory.py sig:db90031007f4917c
docs/superpowers/specs/2026-04-13-explicit-backend-provider-design.md -> server/superres_service.py sig:004663565e4c9756
docs/superpowers/specs/2026-04-16-chat-connection-decoupling-design.md -> conf/modes.yml sig:30290b170d35b5d4
docs/superpowers/specs/2026-04-16-chat-connection-decoupling-design.md -> server/advisor_service.py sig:0f3130d122d331d0
docs/superpowers/specs/2026-04-16-chat-connection-decoupling-design.md -> server/mode_config.py sig:82cdf5c6da856a75
docs/superpowers/specs/2026-04-16-chat-connection-decoupling-design.md -> server/ws_routes.py sig:6f6cbb0f4336ff4d
